Microsoft Visual Studio Solution File, Format Version 12.00
# Visual Studio Version 17
VisualStudioVersion = 17.5.2.0
MinimumVisualStudioVersion = 10.0.40219.1
Project("{FAE04EC0-301F-11D3-BF4B-00C04F79EFBC}") = "AirQulity", "AirQulity.csproj", "{9B537B91-FDE7-BFE3-7ECE-5277502B3104}"
EndProject
Global
	GlobalSection(SolutionConfigurationPlatforms) = preSolution
		Debug|Any CPU = Debug|Any CPU
		Release|Any CPU = Release|Any CPU
	EndGlobalSection
	GlobalSection(ProjectConfigurationPlatforms) = postSolution
		{9B537B91-FDE7-BFE3-7ECE-5277502B3104}.Debug|Any CPU.ActiveCfg = Debug|Any CPU
		{9B537B91-FDE7-BFE3-7ECE-5277502B3104}.Debug|Any CPU.Build.0 = Debug|Any CPU
		{9B537B91-FDE7-BFE3-7ECE-5277502B3104}.Release|Any CPU.ActiveCfg = Release|Any CPU
		{9B537B91-FDE7-BFE3-7ECE-5277502B3104}.Release|Any CPU.Build.0 = Release|Any CPU
	EndGlobalSection
	GlobalSection(SolutionProperties) = preSolution
		HideSolutionNode = FALSE
	EndGlobalSection
	GlobalSection(ExtensibilityGlobals) = postSolution
		SolutionGuid = {288801F0-059B-4748-954B-005D2E4FAF5A}
	EndGlobalSection
EndGlobal
