
Microsoft Visual Studio Solution File, Format Version 12.00
# Visual Studio Version 17
VisualStudioVersion = 17.12.35527.113
MinimumVisualStudioVersion = 10.0.40219.1
Project("{FAE04EC0-301F-11D3-BF4B-00C04F79EFBC}") = "MetroAir", "MetroAir.csproj", "{29DB982D-62C7-47F5-8A71-F80B9BF081FE}"
EndProject
Global
	GlobalSection(SolutionConfigurationPlatforms) = preSolution
		Debug|Any CPU = Debug|Any CPU
		Release|Any CPU = Release|Any CPU
	EndGlobalSection
	GlobalSection(ProjectConfigurationPlatforms) = postSolution
		{29DB982D-62C7-47F5-8A71-F80B9BF081FE}.Debug|Any CPU.ActiveCfg = Debug|Any CPU
		{29DB982D-62C7-47F5-8A71-F80B9BF081FE}.Debug|Any CPU.Build.0 = Debug|Any CPU
		{29DB982D-62C7-47F5-8A71-F80B9BF081FE}.Release|Any CPU.ActiveCfg = Release|Any CPU
		{29DB982D-62C7-47F5-8A71-F80B9BF081FE}.Release|Any CPU.Build.0 = Release|Any CPU
	EndGlobalSection
	GlobalSection(SolutionProperties) = preSolution
		HideSolutionNode = FALSE
	EndGlobalSection
	GlobalSection(ExtensibilityGlobals) = postSolution
		SolutionGuid = {FF8A1DEE-38B1-401C-8EAD-1ADA784C5109}
	EndGlobalSection
EndGlobal
